Microsoft Visual Studio Solution File, Format Version 12.00
# Visual Studio Version 17
VisualStudioVersion = 17.5.2.0
MinimumVisualStudioVersion = 10.0.40219.1
Project("{FAE04EC0-301F-11D3-BF4B-00C04F79EFBC}") = "MrKan.DeathStorage", "MrKan.DeathStorage.csproj", "{F4401E71-874B-5E38-B17B-74BFE81A7E5A}"
EndProject
Global
	GlobalSection(SolutionConfigurationPlatforms) = preSolution
		Debug|Any CPU = Debug|Any CPU
		Release|Any CPU = Release|Any CPU
	EndGlobalSection
	GlobalSection(ProjectConfigurationPlatforms) = postSolution
		{F4401E71-874B-5E38-B17B-74BFE81A7E5A}.Debug|Any CPU.ActiveCfg = Debug|Any CPU
		{F4401E71-874B-5E38-B17B-74BFE81A7E5A}.Debug|Any CPU.Build.0 = Debug|Any CPU
		{F4401E71-874B-5E38-B17B-74BFE81A7E5A}.Release|Any CPU.ActiveCfg = Release|Any CPU
		{F4401E71-874B-5E38-B17B-74BFE81A7E5A}.Release|Any CPU.Build.0 = Release|Any CPU
	EndGlobalSection
	GlobalSection(SolutionProperties) = preSolution
		HideSolutionNode = FALSE
	EndGlobalSection
	GlobalSection(ExtensibilityGlobals) = postSolution
		SolutionGuid = {D6B6684E-FC54-40CC-8D72-8D6AE29C5C99}
	EndGlobalSection
EndGlobal
